
Microsoft Visual Studio Solution File, Format Version 12.00
# Visual Studio Version 17
VisualStudioVersion = 17.5.33424.131
MinimumVisualStudioVersion = 10.0.40219.1
Project("{FAE04EC0-301F-11D3-BF4B-00C04F79EFBC}") = "Notes.Android", "Notes\Notes.Android\Notes.Android.csproj", "{7944FDC2-7424-4CB5-8984-4223E889075D}"
EndProject
Project("{FAE04EC0-301F-11D3-BF4B-00C04F79EFBC}") = "Notes.iOS", "Notes\Notes.iOS\Notes.iOS.csproj", "{EEF13C3F-77A8-40C6-A530-B331CA3E5624}"
EndProject
Project("{FAE04EC0-301F-11D3-BF4B-00C04F79EFBC}") = "Notes", "Notes\Notes\Notes.csproj", "{24A62EE6-CAD2-44F6-882F-6AC6E966DC51}"
EndProject
Global
	GlobalSection(SolutionConfigurationPlatforms) = preSolution
		Debug|Any CPU = Debug|Any CPU
		Debug|iPhone = Debug|iPhone
		Debug|iPhoneSimulator = Debug|iPhoneSimulator
		Release|Any CPU = Release|Any CPU
		Release|iPhone = Release|iPhone
		Release|iPhoneSimulator = Release|iPhoneSimulator
	EndGlobalSection
	GlobalSection(ProjectConfigurationPlatforms) = postSolution
		{7944FDC2-7424-4CB5-8984-4223E889075D}.Debug|Any CPU.ActiveCfg = Debug|Any CPU
		{7944FDC2-7424-4CB5-8984-4223E889075D}.Debug|Any CPU.Build.0 = Debug|Any CPU
		{7944FDC2-7424-4CB5-8984-4223E889075D}.Debug|Any CPU.Deploy.0 = Debug|Any CPU
		{7944FDC2-7424-4CB5-8984-4223E889075D}.Debug|iPhone.ActiveCfg = Debug|Any CPU
		{7944FDC2-7424-4CB5-8984-4223E889075D}.Debug|iPhone.Build.0 = Debug|Any CPU
		{7944FDC2-7424-4CB5-8984-4223E889075D}.Debug|iPhone.Deploy.0 = Debug|Any CPU
		{7944FDC2-7424-4CB5-8984-4223E889075D}.Debug|iPhoneSimulator.ActiveCfg = Debug|Any CPU
		{7944FDC2-7424-4CB5-8984-4223E889075D}.Debug|iPhoneSimulator.Build.0 = Debug|Any CPU
		{7944FDC2-7424-4CB5-8984-4223E889075D}.Debug|iPhoneSimulator.Deploy.0 = Debug|Any CPU
		{7944FDC2-7424-4CB5-8984-4223E889075D}.Release|Any CPU.ActiveCfg = Release|Any CPU
		{7944FDC2-7424-4CB5-8984-4223E889075D}.Release|Any CPU.Build.0 = Release|Any CPU
		{7944FDC2-7424-4CB5-8984-4223E889075D}.Release|Any CPU.Deploy.0 = Release|Any CPU
		{7944FDC2-7424-4CB5-8984-4223E889075D}.Release|iPhone.ActiveCfg = Release|Any CPU
		{7944FDC2-7424-4CB5-8984-4223E889075D}.Release|iPhone.Build.0 = Release|Any CPU
		{7944FDC2-7424-4CB5-8984-4223E889075D}.Release|iPhone.Deploy.0 = Release|Any CPU
		{7944FDC2-7424-4CB5-8984-4223E889075D}.Release|iPhoneSimulator.ActiveCfg = Release|Any CPU
		{7944FDC2-7424-4CB5-8984-4223E889075D}.Release|iPhoneSimulator.Build.0 = Release|Any CPU
		{7944FDC2-7424-4CB5-8984-4223E889075D}.Release|iPhoneSimulator.Deploy.0 = Release|Any CPU
		{EEF13C3F-77A8-40C6-A530-B331CA3E5624}.Debug|Any CPU.ActiveCfg = Debug|iPhone
		{EEF13C3F-77A8-40C6-A530-B331CA3E5624}.Debug|Any CPU.Build.0 = Debug|iPhone
		{EEF13C3F-77A8-40C6-A530-B331CA3E5624}.Debug|Any CPU.Deploy.0 = Debug|iPhone
		{EEF13C3F-77A8-40C6-A530-B331CA3E5624}.Debug|iPhone.ActiveCfg = Debug|iPhone
		{EEF13C3F-77A8-40C6-A530-B331CA3E5624}.Debug|iPhone.Build.0 = Debug|iPhone
		{EEF13C3F-77A8-40C6-A530-B331CA3E5624}.Debug|iPhone.Deploy.0 = Debug|iPhone
		{EEF13C3F-77A8-40C6-A530-B331CA3E5624}.Debug|iPhoneSimulator.ActiveCfg = Debug|iPhoneSimulator
		{EEF13C3F-77A8-40C6-A530-B331CA3E5624}.Debug|iPhoneSimulator.Build.0 = Debug|iPhoneSimulator
		{EEF13C3F-77A8-40C6-A530-B331CA3E5624}.Debug|iPhoneSimulator.Deploy.0 = Debug|iPhoneSimulator
		{EEF13C3F-77A8-40C6-A530-B331CA3E5624}.Release|Any CPU.ActiveCfg = Release|iPhoneSimulator
		{EEF13C3F-77A8-40C6-A530-B331CA3E5624}.Release|Any CPU.Build.0 = Release|iPhoneSimulator
		{EEF13C3F-77A8-40C6-A530-B331CA3E5624}.Release|Any CPU.Deploy.0 = Release|iPhoneSimulator
		{EEF13C3F-77A8-40C6-A530-B331CA3E5624}.Release|iPhone.ActiveCfg = Release|iPhone
		{EEF13C3F-77A8-40C6-A530-B331CA3E5624}.Release|iPhone.Build.0 = Release|iPhone
		{EEF13C3F-77A8-40C6-A530-B331CA3E5624}.Release|iPhone.Deploy.0 = Release|iPhone
		{EEF13C3F-77A8-40C6-A530-B331CA3E5624}.Release|iPhoneSimulator.ActiveCfg = Release|iPhoneSimulator
		{EEF13C3F-77A8-40C6-A530-B331CA3E5624}.Release|iPhoneSimulator.Build.0 = Release|iPhoneSimulator
		{EEF13C3F-77A8-40C6-A530-B331CA3E5624}.Release|iPhoneSimulator.Deploy.0 = Release|iPhoneSimulator
		{24A62EE6-CAD2-44F6-882F-6AC6E966DC51}.Debug|Any CPU.ActiveCfg = Debug|Any CPU
		{24A62EE6-CAD2-44F6-882F-6AC6E966DC51}.Debug|Any CPU.Build.0 = Debug|Any CPU
		{24A62EE6-CAD2-44F6-882F-6AC6E966DC51}.Debug|Any CPU.Deploy.0 = Debug|Any CPU
		{24A62EE6-CAD2-44F6-882F-6AC6E966DC51}.Debug|iPhone.ActiveCfg = Debug|Any CPU
		{24A62EE6-CAD2-44F6-882F-6AC6E966DC51}.Debug|iPhone.Build.0 = Debug|Any CPU
		{24A62EE6-CAD2-44F6-882F-6AC6E966DC51}.Debug|iPhone.Deploy.0 = Debug|Any CPU
		{24A62EE6-CAD2-44F6-882F-6AC6E966DC51}.Debug|iPhoneSimulator.ActiveCfg = Debug|Any CPU
		{24A62EE6-CAD2-44F6-882F-6AC6E966DC51}.Debug|iPhoneSimulator.Build.0 = Debug|Any CPU
		{24A62EE6-CAD2-44F6-882F-6AC6E966DC51}.Debug|iPhoneSimulator.Deploy.0 = Debug|Any CPU
		{24A62EE6-CAD2-44F6-882F-6AC6E966DC51}.Release|Any CPU.ActiveCfg = Release|Any CPU
		{24A62EE6-CAD2-44F6-882F-6AC6E966DC51}.Release|Any CPU.Build.0 = Release|Any CPU
		{24A62EE6-CAD2-44F6-882F-6AC6E966DC51}.Release|Any CPU.Deploy.0 = Release|Any CPU
		{24A62EE6-CAD2-44F6-882F-6AC6E966DC51}.Release|iPhone.ActiveCfg = Release|Any CPU
		{24A62EE6-CAD2-44F6-882F-6AC6E966DC51}.Release|iPhone.Build.0 = Release|Any CPU
		{24A62EE6-CAD2-44F6-882F-6AC6E966DC51}.Release|iPhone.Deploy.0 = Release|Any CPU
		{24A62EE6-CAD2-44F6-882F-6AC6E966DC51}.Release|iPhoneSimulator.ActiveCfg = Release|Any CPU
		{24A62EE6-CAD2-44F6-882F-6AC6E966DC51}.Release|iPhoneSimulator.Build.0 = Release|Any CPU
		{24A62EE6-CAD2-44F6-882F-6AC6E966DC51}.Release|iPhoneSimulator.Deploy.0 = Release|Any CPU
	EndGlobalSection
	GlobalSection(SolutionProperties) = preSolution
		HideSolutionNode = FALSE
	EndGlobalSection
	GlobalSection(ExtensibilityGlobals) = postSolution
		SolutionGuid = {D920BD03-2454-4EFB-9493-2B9336AD536D}
	EndGlobalSection
EndGlobal
